
Microsoft Visual Studio Solution File, Format Version 12.00
# Visual Studio Version 17
VisualStudioVersion = 17.2.32630.192
MinimumVisualStudioVersion = 10.0.40219.1
Project("{FAE04EC0-301F-11D3-BF4B-00C04F79EFBC}") = "eTicket", "eTicket\eTicket.csproj", "{90D1159B-98B8-4187-A383-C5F29DDF8F60}"
EndProject
Global
	GlobalSection(SolutionConfigurationPlatforms) = preSolution
		Debug|Any CPU = Debug|Any CPU
		Release|Any CPU = Release|Any CPU
	EndGlobalSection
	GlobalSection(ProjectConfigurationPlatforms) = postSolution
		{90D1159B-98B8-4187-A383-C5F29DDF8F60}.Debug|Any CPU.ActiveCfg = Debug|Any CPU
		{90D1159B-98B8-4187-A383-C5F29DDF8F60}.Debug|Any CPU.Build.0 = Debug|Any CPU
		{90D1159B-98B8-4187-A383-C5F29DDF8F60}.Release|Any CPU.ActiveCfg = Release|Any CPU
		{90D1159B-98B8-4187-A383-C5F29DDF8F60}.Release|Any CPU.Build.0 = Release|Any CPU
	EndGlobalSection
	GlobalSection(SolutionProperties) = preSolution
		HideSolutionNode = FALSE
	EndGlobalSection
	GlobalSection(ExtensibilityGlobals) = postSolution
		SolutionGuid = {59AA19D5-1512-4AA6-98F1-2A774C771DA0}
	EndGlobalSection
EndGlobal
